
Microsoft Visual Studio Solution File, Format Version 12.00
# Visual Studio Version 17
VisualStudioVersion = 17.4.33110.190
MinimumVisualStudioVersion = 10.0.40219.1
Project("{FAE04EC0-301F-11D3-BF4B-00C04F79EFBC}") = "Posterr.API", "Posterr.API\Posterr.API.csproj", "{E1A8291E-BCD1-4BFC-B817-D4BCD02F2FBE}"
EndProject
Global
	GlobalSection(SolutionConfigurationPlatforms) = preSolution
		Debug|Any CPU = Debug|Any CPU
		Release|Any CPU = Release|Any CPU
	EndGlobalSection
	GlobalSection(ProjectConfigurationPlatforms) = postSolution
		{E1A8291E-BCD1-4BFC-B817-D4BCD02F2FBE}.Debug|Any CPU.ActiveCfg = Debug|Any CPU
		{E1A8291E-BCD1-4BFC-B817-D4BCD02F2FBE}.Debug|Any CPU.Build.0 = Debug|Any CPU
		{E1A8291E-BCD1-4BFC-B817-D4BCD02F2FBE}.Release|Any CPU.ActiveCfg = Release|Any CPU
		{E1A8291E-BCD1-4BFC-B817-D4BCD02F2FBE}.Release|Any CPU.Build.0 = Release|Any CPU
	EndGlobalSection
	GlobalSection(SolutionProperties) = preSolution
		HideSolutionNode = FALSE
	EndGlobalSection
	GlobalSection(ExtensibilityGlobals) = postSolution
		SolutionGuid = {3B5F62FF-14D3-4B8D-97F9-467D05A11658}
	EndGlobalSection
EndGlobal
